
Microsoft Visual Studio Solution File, Format Version 12.00
# Visual Studio Version 17
VisualStudioVersion = 17.10.35013.160
MinimumVisualStudioVersion = 10.0.40219.1
Project("{F184B08F-C81C-45F6-A57F-5ABD9991F28F}") = "SlidelyAIFinal", "SlidelyAIFinal\SlidelyAIFinal.vbproj", "{FE237166-2500-4C3B-97FC-35BD19D1B630}"
EndProject
Global
	GlobalSection(SolutionConfigurationPlatforms) = preSolution
		Debug|Any CPU = Debug|Any CPU
		Release|Any CPU = Release|Any CPU
	EndGlobalSection
	GlobalSection(ProjectConfigurationPlatforms) = postSolution
		{FE237166-2500-4C3B-97FC-35BD19D1B630}.Debug|Any CPU.ActiveCfg = Debug|Any CPU
		{FE237166-2500-4C3B-97FC-35BD19D1B630}.Debug|Any CPU.Build.0 = Debug|Any CPU
		{FE237166-2500-4C3B-97FC-35BD19D1B630}.Release|Any CPU.ActiveCfg = Release|Any CPU
		{FE237166-2500-4C3B-97FC-35BD19D1B630}.Release|Any CPU.Build.0 = Release|Any CPU
	EndGlobalSection
	GlobalSection(SolutionProperties) = preSolution
		HideSolutionNode = FALSE
	EndGlobalSection
	GlobalSection(ExtensibilityGlobals) = postSolution
		SolutionGuid = {BE182B94-8BB8-4505-AA6C-EB05C9DC0FE6}
	EndGlobalSection
EndGlobal
